
Microsoft Visual Studio Solution File, Format Version 12.00
Project("{FAE04EC0-301F-11D3-BF4B-00C04F79EFBC}") = "Mdk.ModAnalyzers", "Mdk.ModAnalyzers\Mdk.ModAnalyzers.csproj", "{6C0B9AD4-FD0A-4458-9E0A-8707BB1EB9D2}"
EndProject
Project("{FAE04EC0-301F-11D3-BF4B-00C04F79EFBC}") = "Mdk.References", "Mdk.References\Mdk.References.csproj", "{F91DCDD7-FD47-4C8D-880C-987CF1A3B4E5}"
EndProject
Project("{2150E333-8FDC-42A3-9474-1A3956D46DE8}") = "Shared Files", "Shared Files", "{27348582-EB83-4DC3-8A08-79B907759F09}"
	ProjectSection(SolutionItems) = preProject
		malware256.png = malware256.png
		PackageVersion.txt = PackageVersion.txt
	EndProjectSection
EndProject
Project("{FAE04EC0-301F-11D3-BF4B-00C04F79EFBC}") = "Mdk.PbPackager", "Mdk.PbPackager\Mdk.PbPackager.csproj", "{46E1381C-2518-498B-853A-12B1AD647A3D}"
EndProject
Project("{FAE04EC0-301F-11D3-BF4B-00C04F79EFBC}") = "Mdk.PbAnalyzers", "Mdk.PbAnalyzers\Mdk.PbAnalyzers.csproj", "{822DDB41-DBF4-445D-A945-F1B482AB396D}"
EndProject
Project("{FAE04EC0-301F-11D3-BF4B-00C04F79EFBC}") = "ScriptTemplates", "ScriptTemplates\ScriptTemplates.csproj", "{181BD1EA-A09B-4F00-AF87-75A50CB106B4}"
EndProject
Project("{FAE04EC0-301F-11D3-BF4B-00C04F79EFBC}") = "Mdk.ModPackager", "Mdk.ModPackager\Mdk.ModPackager.csproj", "{401F5114-A9D2-4BA7-99DE-4D4C76E09275}"
EndProject
Global
	GlobalSection(SolutionConfigurationPlatforms) = preSolution
		Debug|Any CPU = Debug|Any CPU
		Release|Any CPU = Release|Any CPU
	EndGlobalSection
	GlobalSection(ProjectConfigurationPlatforms) = postSolution
		{6C0B9AD4-FD0A-4458-9E0A-8707BB1EB9D2}.Debug|Any CPU.ActiveCfg = Debug|Any CPU
		{6C0B9AD4-FD0A-4458-9E0A-8707BB1EB9D2}.Debug|Any CPU.Build.0 = Debug|Any CPU
		{6C0B9AD4-FD0A-4458-9E0A-8707BB1EB9D2}.Release|Any CPU.ActiveCfg = Release|Any CPU
		{6C0B9AD4-FD0A-4458-9E0A-8707BB1EB9D2}.Release|Any CPU.Build.0 = Release|Any CPU
		{F91DCDD7-FD47-4C8D-880C-987CF1A3B4E5}.Debug|Any CPU.ActiveCfg = Debug|Any CPU
		{F91DCDD7-FD47-4C8D-880C-987CF1A3B4E5}.Debug|Any CPU.Build.0 = Debug|Any CPU
		{F91DCDD7-FD47-4C8D-880C-987CF1A3B4E5}.Release|Any CPU.ActiveCfg = Release|Any CPU
		{F91DCDD7-FD47-4C8D-880C-987CF1A3B4E5}.Release|Any CPU.Build.0 = Release|Any CPU
		{46E1381C-2518-498B-853A-12B1AD647A3D}.Debug|Any CPU.ActiveCfg = Debug|Any CPU
		{46E1381C-2518-498B-853A-12B1AD647A3D}.Debug|Any CPU.Build.0 = Debug|Any CPU
		{46E1381C-2518-498B-853A-12B1AD647A3D}.Release|Any CPU.ActiveCfg = Release|Any CPU
		{46E1381C-2518-498B-853A-12B1AD647A3D}.Release|Any CPU.Build.0 = Release|Any CPU
		{822DDB41-DBF4-445D-A945-F1B482AB396D}.Debug|Any CPU.ActiveCfg = Debug|Any CPU
		{822DDB41-DBF4-445D-A945-F1B482AB396D}.Debug|Any CPU.Build.0 = Debug|Any CPU
		{822DDB41-DBF4-445D-A945-F1B482AB396D}.Release|Any CPU.ActiveCfg = Release|Any CPU
		{822DDB41-DBF4-445D-A945-F1B482AB396D}.Release|Any CPU.Build.0 = Release|Any CPU
		{181BD1EA-A09B-4F00-AF87-75A50CB106B4}.Debug|Any CPU.ActiveCfg = Debug|x64
		{181BD1EA-A09B-4F00-AF87-75A50CB106B4}.Debug|Any CPU.Build.0 = Debug|x64
		{181BD1EA-A09B-4F00-AF87-75A50CB106B4}.Release|Any CPU.ActiveCfg = Release|x64
		{181BD1EA-A09B-4F00-AF87-75A50CB106B4}.Release|Any CPU.Build.0 = Release|x64
		{401F5114-A9D2-4BA7-99DE-4D4C76E09275}.Debug|Any CPU.ActiveCfg = Debug|Any CPU
		{401F5114-A9D2-4BA7-99DE-4D4C76E09275}.Debug|Any CPU.Build.0 = Debug|Any CPU
		{401F5114-A9D2-4BA7-99DE-4D4C76E09275}.Release|Any CPU.ActiveCfg = Release|Any CPU
		{401F5114-A9D2-4BA7-99DE-4D4C76E09275}.Release|Any CPU.Build.0 = Release|Any CPU
	EndGlobalSection
	GlobalSection(NestedProjects) = preSolution
	EndGlobalSection
EndGlobal
