
Microsoft Visual Studio Solution File, Format Version 12.00
Project("{FAE04EC0-301F-11D3-BF4B-00C04F79EFBC}") = "Mdk.Extractor", "Mdk.Extractor\Mdk.Extractor.csproj", "{88AD81CF-B0C0-4D8A-B682-FC0133258810}"
EndProject
Project("{FAE04EC0-301F-11D3-BF4B-00C04F79EFBC}") = "Mdk.ModAnalyzers", "Mdk.ModAnalyzers\Mdk.ModAnalyzers.csproj", "{6C0B9AD4-FD0A-4458-9E0A-8707BB1EB9D2}"
EndProject
Project("{FAE04EC0-301F-11D3-BF4B-00C04F79EFBC}") = "Mdk.PbAnalyzers", "Mdk.PbAnalyzers\Mdk.PbAnalyzers.csproj", "{75C96511-55F0-4331-A0E3-50571681AB91}"
EndProject
Project("{FAE04EC0-301F-11D3-BF4B-00C04F79EFBC}") = "Mdk.References", "Mdk.References\Mdk.References.csproj", "{F91DCDD7-FD47-4C8D-880C-987CF1A3B4E5}"
EndProject
Project("{2150E333-8FDC-42A3-9474-1A3956D46DE8}") = "Shared Files", "Shared Files", "{27348582-EB83-4DC3-8A08-79B907759F09}"
	ProjectSection(SolutionItems) = preProject
		malware256.png = malware256.png
		PacketVersion.txt = PackageVersion.txt
	EndProjectSection
EndProject
Project("{2150E333-8FDC-42A3-9474-1A3956D46DE8}") = "Mod Project Template", "Mod Project Template", "{FA1CF8AE-DA15-47A4-8426-C505A2827045}"
EndProject
Project("{FAE04EC0-301F-11D3-BF4B-00C04F79EFBC}") = "Mal.SEMod", "Mod Project Template\Mal.SEMod\Mal.SEMod.csproj", "{94FC7271-B163-4EAA-82CA-7FC72729EA5E}"
EndProject
Project("{FAE04EC0-301F-11D3-BF4B-00C04F79EFBC}") = "Mdk.CommandLine", "Mdk.CommandLine\Mdk.CommandLine.csproj", "{F7565D42-C026-4F9C-9402-15121253D2E0}"
EndProject
Project("{FAE04EC0-301F-11D3-BF4B-00C04F79EFBC}") = "Mdk.CommandLine.Tests", "Mdk.CommandLine.Tests\Mdk.CommandLine.Tests.csproj", "{3F474DD6-5338-436C-8D7E-B981738B5A9A}"
EndProject
Project("{FAE04EC0-301F-11D3-BF4B-00C04F79EFBC}") = "Mdk.Notification.Windows", "Mdk.Notification.Windows\Mdk.Notification.Windows.csproj", "{773839C9-AF61-4A22-A41C-9493E1D25C7E}"
EndProject
Global
	GlobalSection(SolutionConfigurationPlatforms) = preSolution
		Debug|Any CPU = Debug|Any CPU
		Release|Any CPU = Release|Any CPU
	EndGlobalSection
	GlobalSection(ProjectConfigurationPlatforms) = postSolution
		{88AD81CF-B0C0-4D8A-B682-FC0133258810}.Debug|Any CPU.ActiveCfg = Debug|Any CPU
		{88AD81CF-B0C0-4D8A-B682-FC0133258810}.Debug|Any CPU.Build.0 = Debug|Any CPU
		{88AD81CF-B0C0-4D8A-B682-FC0133258810}.Release|Any CPU.ActiveCfg = Release|Any CPU
		{88AD81CF-B0C0-4D8A-B682-FC0133258810}.Release|Any CPU.Build.0 = Release|Any CPU
		{6C0B9AD4-FD0A-4458-9E0A-8707BB1EB9D2}.Debug|Any CPU.ActiveCfg = Debug|Any CPU
		{6C0B9AD4-FD0A-4458-9E0A-8707BB1EB9D2}.Debug|Any CPU.Build.0 = Debug|Any CPU
		{6C0B9AD4-FD0A-4458-9E0A-8707BB1EB9D2}.Release|Any CPU.ActiveCfg = Release|Any CPU
		{6C0B9AD4-FD0A-4458-9E0A-8707BB1EB9D2}.Release|Any CPU.Build.0 = Release|Any CPU
		{75C96511-55F0-4331-A0E3-50571681AB91}.Debug|Any CPU.ActiveCfg = Debug|Any CPU
		{75C96511-55F0-4331-A0E3-50571681AB91}.Debug|Any CPU.Build.0 = Debug|Any CPU
		{75C96511-55F0-4331-A0E3-50571681AB91}.Release|Any CPU.ActiveCfg = Release|Any CPU
		{75C96511-55F0-4331-A0E3-50571681AB91}.Release|Any CPU.Build.0 = Release|Any CPU
		{F91DCDD7-FD47-4C8D-880C-987CF1A3B4E5}.Debug|Any CPU.ActiveCfg = Debug|Any CPU
		{F91DCDD7-FD47-4C8D-880C-987CF1A3B4E5}.Debug|Any CPU.Build.0 = Debug|Any CPU
		{F91DCDD7-FD47-4C8D-880C-987CF1A3B4E5}.Release|Any CPU.ActiveCfg = Release|Any CPU
		{F91DCDD7-FD47-4C8D-880C-987CF1A3B4E5}.Release|Any CPU.Build.0 = Release|Any CPU
		{94FC7271-B163-4EAA-82CA-7FC72729EA5E}.Debug|Any CPU.ActiveCfg = Debug|Any CPU
		{94FC7271-B163-4EAA-82CA-7FC72729EA5E}.Debug|Any CPU.Build.0 = Debug|Any CPU
		{94FC7271-B163-4EAA-82CA-7FC72729EA5E}.Release|Any CPU.ActiveCfg = Release|Any CPU
		{94FC7271-B163-4EAA-82CA-7FC72729EA5E}.Release|Any CPU.Build.0 = Release|Any CPU
		{F7565D42-C026-4F9C-9402-15121253D2E0}.Debug|Any CPU.ActiveCfg = Debug|Any CPU
		{F7565D42-C026-4F9C-9402-15121253D2E0}.Debug|Any CPU.Build.0 = Debug|Any CPU
		{F7565D42-C026-4F9C-9402-15121253D2E0}.Release|Any CPU.ActiveCfg = Release|Any CPU
		{F7565D42-C026-4F9C-9402-15121253D2E0}.Release|Any CPU.Build.0 = Release|Any CPU
		{3F474DD6-5338-436C-8D7E-B981738B5A9A}.Debug|Any CPU.ActiveCfg = Debug|Any CPU
		{3F474DD6-5338-436C-8D7E-B981738B5A9A}.Debug|Any CPU.Build.0 = Debug|Any CPU
		{3F474DD6-5338-436C-8D7E-B981738B5A9A}.Release|Any CPU.ActiveCfg = Release|Any CPU
		{3F474DD6-5338-436C-8D7E-B981738B5A9A}.Release|Any CPU.Build.0 = Release|Any CPU
		{773839C9-AF61-4A22-A41C-9493E1D25C7E}.Debug|Any CPU.ActiveCfg = Debug|Any CPU
		{773839C9-AF61-4A22-A41C-9493E1D25C7E}.Debug|Any CPU.Build.0 = Debug|Any CPU
		{773839C9-AF61-4A22-A41C-9493E1D25C7E}.Release|Any CPU.ActiveCfg = Release|Any CPU
		{773839C9-AF61-4A22-A41C-9493E1D25C7E}.Release|Any CPU.Build.0 = Release|Any CPU
	EndGlobalSection
	GlobalSection(NestedProjects) = preSolution
		{94FC7271-B163-4EAA-82CA-7FC72729EA5E} = {FA1CF8AE-DA15-47A4-8426-C505A2827045}
	EndGlobalSection
EndGlobal
